
Microsoft Visual Studio Solution File, Format Version 12.00
# Visual Studio Version 17
VisualStudioVersion = 17.5.33530.505
MinimumVisualStudioVersion = 10.0.40219.1
Project("{FAE04EC0-301F-11D3-BF4B-00C04F79EFBC}") = "15.04 task", "15.04 task\15.04 task.csproj", "{B7B79489-49CF-4B2E-B9A2-ACCF22DA3039}"
EndProject
Global
	GlobalSection(SolutionConfigurationPlatforms) = preSolution
		Debug|Any CPU = Debug|Any CPU
		Release|Any CPU = Release|Any CPU
	EndGlobalSection
	GlobalSection(ProjectConfigurationPlatforms) = postSolution
		{B7B79489-49CF-4B2E-B9A2-ACCF22DA3039}.Debug|Any CPU.ActiveCfg = Debug|Any CPU
		{B7B79489-49CF-4B2E-B9A2-ACCF22DA3039}.Debug|Any CPU.Build.0 = Debug|Any CPU
		{B7B79489-49CF-4B2E-B9A2-ACCF22DA3039}.Release|Any CPU.ActiveCfg = Release|Any CPU
		{B7B79489-49CF-4B2E-B9A2-ACCF22DA3039}.Release|Any CPU.Build.0 = Release|Any CPU
	EndGlobalSection
	GlobalSection(SolutionProperties) = preSolution
		HideSolutionNode = FALSE
	EndGlobalSection
	GlobalSection(ExtensibilityGlobals) = postSolution
		SolutionGuid = {CAAB0C38-7D18-4A6E-ADFD-91A93F348CFA}
	EndGlobalSection
EndGlobal
